
Microsoft Visual Studio Solution File, Format Version 12.00
# Visual Studio 15
VisualStudioVersion = 15.0.28307.572
MinimumVisualStudioVersion = 10.0.40219.1
Project("{FAE04EC0-301F-11D3-BF4B-00C04F79EFBC}") = "PE04", "PE04\PE04.csproj", "{C0F23CEF-8118-4D29-A14C-820C00250878}"
EndProject
Project("{FAE04EC0-301F-11D3-BF4B-00C04F79EFBC}") = "Utilities.Lib", "..\..\GemaakteOef\Utilities\Utilities.Lib\Utilities.Lib.csproj", "{4FCCE7B2-E0E0-42AC-9E07-E4E6A7412BA3}"
EndProject
Global
	GlobalSection(SolutionConfigurationPlatforms) = preSolution
		Debug|Any CPU = Debug|Any CPU
		Release|Any CPU = Release|Any CPU
	EndGlobalSection
	GlobalSection(ProjectConfigurationPlatforms) = postSolution
		{C0F23CEF-8118-4D29-A14C-820C00250878}.Debug|Any CPU.ActiveCfg = Debug|Any CPU
		{C0F23CEF-8118-4D29-A14C-820C00250878}.Debug|Any CPU.Build.0 = Debug|Any CPU
		{C0F23CEF-8118-4D29-A14C-820C00250878}.Release|Any CPU.ActiveCfg = Release|Any CPU
		{C0F23CEF-8118-4D29-A14C-820C00250878}.Release|Any CPU.Build.0 = Release|Any CPU
		{4FCCE7B2-E0E0-42AC-9E07-E4E6A7412BA3}.Debug|Any CPU.ActiveCfg = Debug|Any CPU
		{4FCCE7B2-E0E0-42AC-9E07-E4E6A7412BA3}.Debug|Any CPU.Build.0 = Debug|Any CPU
		{4FCCE7B2-E0E0-42AC-9E07-E4E6A7412BA3}.Release|Any CPU.ActiveCfg = Release|Any CPU
		{4FCCE7B2-E0E0-42AC-9E07-E4E6A7412BA3}.Release|Any CPU.Build.0 = Release|Any CPU
	EndGlobalSection
	GlobalSection(SolutionProperties) = preSolution
		HideSolutionNode = FALSE
	EndGlobalSection
	GlobalSection(ExtensibilityGlobals) = postSolution
		SolutionGuid = {DC77AF0F-60D7-453F-80B5-ADA8F5F85F04}
	EndGlobalSection
EndGlobal
